{
  "name": "rento-commons",
  "version": "1.0.0",
  "lockfileVersion": 2,
  "requires": true,
  "packages": {
    "": {
      "name": "rento-commons",
      "version": "1.0.0",
      "license": "ISC",
      "dependencies": {
        "rento-common": "^1.0.0"
      }
    },
    "node_modules/rento-common": {
      "version": "1.0.0",
      "resolved": "https://registry.npmjs.org/rento-common/-/rento-common-1.0.0.tgz",
      "integrity": "sha512-2bvImG2LyunCy1/ANjAbM2RpusKr2vApKns7JYzFk7+wHFpkT+3hQJXy1R+aGEQqjItCPKFacKAR0wCToKwiHQ=="
    }
  },
  "dependencies": {
    "rento-common": {
      "version": "1.0.0",
      "resolved": "https://registry.npmjs.org/rento-common/-/rento-common-1.0.0.tgz",
      "integrity": "sha512-2bvImG2LyunCy1/ANjAbM2RpusKr2vApKns7JYzFk7+wHFpkT+3hQJXy1R+aGEQqjItCPKFacKAR0wCToKwiHQ=="
    }
  }
}
